
Microsoft Visual Studio Solution File, Format Version 12.00
# Visual Studio Version 17
VisualStudioVersion = 17.7.34024.191
MinimumVisualStudioVersion = 10.0.40219.1
Project("{8BC9CEB8-8B4A-11D0-8D11-00A0C91BC942}") = "Ekrnln", "Ekrnln.vcxproj", "{8797A36D-5147-4AE1-9F2A-AFA4E87A1AAE}"
EndProject
Project("{2150E333-8FDC-42A3-9474-1A3956D46DE8}") = "VC6版", "VC6版", "{E8976B95-B8AE-4EF7-92A8-47708C8E408D}"
EndProject
Project("{8BC9CEB8-8B4A-11D0-8D11-00A0C91BC942}") = "EKrnln_fne", "EKrnln_fne.vcxproj", "{3EE0E901-E83F-4C7A-97E8-A928DB40B39F}"
EndProject
Project("{8BC9CEB8-8B4A-11D0-8D11-00A0C91BC942}") = "EKrnln_fnr", "EKrnln_fnr.vcxproj", "{B814D627-30FF-44EC-9D4D-D4FBE568C2DA}"
EndProject
Project("{8BC9CEB8-8B4A-11D0-8D11-00A0C91BC942}") = "zlib", "zlib.vcxproj", "{6E1E53F8-1FCC-415D-A5A8-0246A3924744}"
EndProject
Project("{8BC9CEB8-8B4A-11D0-8D11-00A0C91BC942}") = "调用exe", "调用exe.vcxproj", "{07BBA1C0-CA10-4218-881A-73CECC8A985A}"
EndProject
Global
	GlobalSection(SolutionConfigurationPlatforms) = preSolution
		DbgEMain|x64 = DbgEMain|x64
		DbgEMain|x86 = DbgEMain|x86
		DbgExe|x64 = DbgExe|x64
		DbgExe|x86 = DbgExe|x86
		DbgLib|x64 = DbgLib|x64
		DbgLib|x86 = DbgLib|x86
		relseLib|x64 = relseLib|x64
		relseLib|x86 = relseLib|x86
		relseStatic|x64 = relseStatic|x64
		relseStatic|x86 = relseStatic|x86
	EndGlobalSection
	GlobalSection(ProjectConfigurationPlatforms) = postSolution
		{8797A36D-5147-4AE1-9F2A-AFA4E87A1AAE}.DbgEMain|x64.ActiveCfg = DbgEMain|x64
		{8797A36D-5147-4AE1-9F2A-AFA4E87A1AAE}.DbgEMain|x64.Build.0 = DbgEMain|x64
		{8797A36D-5147-4AE1-9F2A-AFA4E87A1AAE}.DbgEMain|x86.ActiveCfg = DbgEMain|Win32
		{8797A36D-5147-4AE1-9F2A-AFA4E87A1AAE}.DbgEMain|x86.Build.0 = DbgEMain|Win32
		{8797A36D-5147-4AE1-9F2A-AFA4E87A1AAE}.DbgExe|x64.ActiveCfg = DbgExe|x64
		{8797A36D-5147-4AE1-9F2A-AFA4E87A1AAE}.DbgExe|x64.Build.0 = DbgExe|x64
		{8797A36D-5147-4AE1-9F2A-AFA4E87A1AAE}.DbgExe|x86.ActiveCfg = DbgExe|Win32
		{8797A36D-5147-4AE1-9F2A-AFA4E87A1AAE}.DbgExe|x86.Build.0 = DbgExe|Win32
		{8797A36D-5147-4AE1-9F2A-AFA4E87A1AAE}.DbgLib|x64.ActiveCfg = DbgLib|x64
		{8797A36D-5147-4AE1-9F2A-AFA4E87A1AAE}.DbgLib|x64.Build.0 = DbgLib|x64
		{8797A36D-5147-4AE1-9F2A-AFA4E87A1AAE}.DbgLib|x86.ActiveCfg = DbgLib|Win32
		{8797A36D-5147-4AE1-9F2A-AFA4E87A1AAE}.DbgLib|x86.Build.0 = DbgLib|Win32
		{8797A36D-5147-4AE1-9F2A-AFA4E87A1AAE}.relseLib|x64.ActiveCfg = releseLib|x64
		{8797A36D-5147-4AE1-9F2A-AFA4E87A1AAE}.relseLib|x64.Build.0 = releseLib|x64
		{8797A36D-5147-4AE1-9F2A-AFA4E87A1AAE}.relseLib|x86.ActiveCfg = releseLib|Win32
		{8797A36D-5147-4AE1-9F2A-AFA4E87A1AAE}.relseLib|x86.Build.0 = releseLib|Win32
		{8797A36D-5147-4AE1-9F2A-AFA4E87A1AAE}.relseStatic|x64.ActiveCfg = releseLib|x64
		{8797A36D-5147-4AE1-9F2A-AFA4E87A1AAE}.relseStatic|x64.Build.0 = releseLib|x64
		{8797A36D-5147-4AE1-9F2A-AFA4E87A1AAE}.relseStatic|x86.ActiveCfg = releseStatic|Win32
		{8797A36D-5147-4AE1-9F2A-AFA4E87A1AAE}.relseStatic|x86.Build.0 = releseStatic|Win32
		{3EE0E901-E83F-4C7A-97E8-A928DB40B39F}.DbgEMain|x64.ActiveCfg = Debug|x64
		{3EE0E901-E83F-4C7A-97E8-A928DB40B39F}.DbgEMain|x64.Build.0 = Debug|x64
		{3EE0E901-E83F-4C7A-97E8-A928DB40B39F}.DbgEMain|x86.ActiveCfg = Debug|Win32
		{3EE0E901-E83F-4C7A-97E8-A928DB40B39F}.DbgEMain|x86.Build.0 = Debug|Win32
		{3EE0E901-E83F-4C7A-97E8-A928DB40B39F}.DbgExe|x64.ActiveCfg = Debug|x64
		{3EE0E901-E83F-4C7A-97E8-A928DB40B39F}.DbgExe|x64.Build.0 = Debug|x64
		{3EE0E901-E83F-4C7A-97E8-A928DB40B39F}.DbgExe|x86.ActiveCfg = Debug|Win32
		{3EE0E901-E83F-4C7A-97E8-A928DB40B39F}.DbgExe|x86.Build.0 = Debug|Win32
		{3EE0E901-E83F-4C7A-97E8-A928DB40B39F}.DbgLib|x64.ActiveCfg = Debug|x64
		{3EE0E901-E83F-4C7A-97E8-A928DB40B39F}.DbgLib|x64.Build.0 = Debug|x64
		{3EE0E901-E83F-4C7A-97E8-A928DB40B39F}.DbgLib|x86.ActiveCfg = Debug|Win32
		{3EE0E901-E83F-4C7A-97E8-A928DB40B39F}.DbgLib|x86.Build.0 = Debug|Win32
		{3EE0E901-E83F-4C7A-97E8-A928DB40B39F}.relseLib|x64.ActiveCfg = Debug|x64
		{3EE0E901-E83F-4C7A-97E8-A928DB40B39F}.relseLib|x64.Build.0 = Debug|x64
		{3EE0E901-E83F-4C7A-97E8-A928DB40B39F}.relseLib|x86.ActiveCfg = Debug|Win32
		{3EE0E901-E83F-4C7A-97E8-A928DB40B39F}.relseLib|x86.Build.0 = Debug|Win32
		{3EE0E901-E83F-4C7A-97E8-A928DB40B39F}.relseStatic|x64.ActiveCfg = Debug|x64
		{3EE0E901-E83F-4C7A-97E8-A928DB40B39F}.relseStatic|x64.Build.0 = Debug|x64
		{3EE0E901-E83F-4C7A-97E8-A928DB40B39F}.relseStatic|x86.ActiveCfg = Debug|Win32
		{3EE0E901-E83F-4C7A-97E8-A928DB40B39F}.relseStatic|x86.Build.0 = Debug|Win32
		{B814D627-30FF-44EC-9D4D-D4FBE568C2DA}.DbgEMain|x64.ActiveCfg = Debug|x64
		{B814D627-30FF-44EC-9D4D-D4FBE568C2DA}.DbgEMain|x64.Build.0 = Debug|x64
		{B814D627-30FF-44EC-9D4D-D4FBE568C2DA}.DbgEMain|x86.ActiveCfg = Debug|Win32
		{B814D627-30FF-44EC-9D4D-D4FBE568C2DA}.DbgEMain|x86.Build.0 = Debug|Win32
		{B814D627-30FF-44EC-9D4D-D4FBE568C2DA}.DbgExe|x64.ActiveCfg = Debug|x64
		{B814D627-30FF-44EC-9D4D-D4FBE568C2DA}.DbgExe|x64.Build.0 = Debug|x64
		{B814D627-30FF-44EC-9D4D-D4FBE568C2DA}.DbgExe|x86.ActiveCfg = Debug|Win32
		{B814D627-30FF-44EC-9D4D-D4FBE568C2DA}.DbgExe|x86.Build.0 = Debug|Win32
		{B814D627-30FF-44EC-9D4D-D4FBE568C2DA}.DbgLib|x64.ActiveCfg = Debug|x64
		{B814D627-30FF-44EC-9D4D-D4FBE568C2DA}.DbgLib|x64.Build.0 = Debug|x64
		{B814D627-30FF-44EC-9D4D-D4FBE568C2DA}.DbgLib|x86.ActiveCfg = Debug|Win32
		{B814D627-30FF-44EC-9D4D-D4FBE568C2DA}.DbgLib|x86.Build.0 = Debug|Win32
		{B814D627-30FF-44EC-9D4D-D4FBE568C2DA}.relseLib|x64.ActiveCfg = Debug|x64
		{B814D627-30FF-44EC-9D4D-D4FBE568C2DA}.relseLib|x64.Build.0 = Debug|x64
		{B814D627-30FF-44EC-9D4D-D4FBE568C2DA}.relseLib|x86.ActiveCfg = Debug|Win32
		{B814D627-30FF-44EC-9D4D-D4FBE568C2DA}.relseLib|x86.Build.0 = Debug|Win32
		{B814D627-30FF-44EC-9D4D-D4FBE568C2DA}.relseStatic|x64.ActiveCfg = Debug|x64
		{B814D627-30FF-44EC-9D4D-D4FBE568C2DA}.relseStatic|x64.Build.0 = Debug|x64
		{B814D627-30FF-44EC-9D4D-D4FBE568C2DA}.relseStatic|x86.ActiveCfg = Debug|Win32
		{B814D627-30FF-44EC-9D4D-D4FBE568C2DA}.relseStatic|x86.Build.0 = Debug|Win32
		{6E1E53F8-1FCC-415D-A5A8-0246A3924744}.DbgEMain|x64.ActiveCfg = Debug|x64
		{6E1E53F8-1FCC-415D-A5A8-0246A3924744}.DbgEMain|x64.Build.0 = Debug|x64
		{6E1E53F8-1FCC-415D-A5A8-0246A3924744}.DbgEMain|x86.ActiveCfg = Debug|Win32
		{6E1E53F8-1FCC-415D-A5A8-0246A3924744}.DbgEMain|x86.Build.0 = Debug|Win32
		{6E1E53F8-1FCC-415D-A5A8-0246A3924744}.DbgExe|x64.ActiveCfg = Debug|x64
		{6E1E53F8-1FCC-415D-A5A8-0246A3924744}.DbgExe|x64.Build.0 = Debug|x64
		{6E1E53F8-1FCC-415D-A5A8-0246A3924744}.DbgExe|x86.ActiveCfg = Debug|Win32
		{6E1E53F8-1FCC-415D-A5A8-0246A3924744}.DbgExe|x86.Build.0 = Debug|Win32
		{6E1E53F8-1FCC-415D-A5A8-0246A3924744}.DbgLib|x64.ActiveCfg = Debug|x64
		{6E1E53F8-1FCC-415D-A5A8-0246A3924744}.DbgLib|x64.Build.0 = Debug|x64
		{6E1E53F8-1FCC-415D-A5A8-0246A3924744}.DbgLib|x86.ActiveCfg = Debug|Win32
		{6E1E53F8-1FCC-415D-A5A8-0246A3924744}.DbgLib|x86.Build.0 = Debug|Win32
		{6E1E53F8-1FCC-415D-A5A8-0246A3924744}.relseLib|x64.ActiveCfg = Debug|x64
		{6E1E53F8-1FCC-415D-A5A8-0246A3924744}.relseLib|x64.Build.0 = Debug|x64
		{6E1E53F8-1FCC-415D-A5A8-0246A3924744}.relseLib|x86.ActiveCfg = Debug|Win32
		{6E1E53F8-1FCC-415D-A5A8-0246A3924744}.relseLib|x86.Build.0 = Debug|Win32
		{6E1E53F8-1FCC-415D-A5A8-0246A3924744}.relseStatic|x64.ActiveCfg = Debug|x64
		{6E1E53F8-1FCC-415D-A5A8-0246A3924744}.relseStatic|x64.Build.0 = Debug|x64
		{6E1E53F8-1FCC-415D-A5A8-0246A3924744}.relseStatic|x86.ActiveCfg = Debug|Win32
		{6E1E53F8-1FCC-415D-A5A8-0246A3924744}.relseStatic|x86.Build.0 = Debug|Win32
		{07BBA1C0-CA10-4218-881A-73CECC8A985A}.DbgEMain|x64.ActiveCfg = Debug|x64
		{07BBA1C0-CA10-4218-881A-73CECC8A985A}.DbgEMain|x64.Build.0 = Debug|x64
		{07BBA1C0-CA10-4218-881A-73CECC8A985A}.DbgEMain|x86.ActiveCfg = Debug|Win32
		{07BBA1C0-CA10-4218-881A-73CECC8A985A}.DbgEMain|x86.Build.0 = Debug|Win32
		{07BBA1C0-CA10-4218-881A-73CECC8A985A}.DbgExe|x64.ActiveCfg = Debug|x64
		{07BBA1C0-CA10-4218-881A-73CECC8A985A}.DbgExe|x64.Build.0 = Debug|x64
		{07BBA1C0-CA10-4218-881A-73CECC8A985A}.DbgExe|x86.ActiveCfg = Debug|Win32
		{07BBA1C0-CA10-4218-881A-73CECC8A985A}.DbgExe|x86.Build.0 = Debug|Win32
		{07BBA1C0-CA10-4218-881A-73CECC8A985A}.DbgLib|x64.ActiveCfg = Debug|x64
		{07BBA1C0-CA10-4218-881A-73CECC8A985A}.DbgLib|x64.Build.0 = Debug|x64
		{07BBA1C0-CA10-4218-881A-73CECC8A985A}.DbgLib|x86.ActiveCfg = Debug|Win32
		{07BBA1C0-CA10-4218-881A-73CECC8A985A}.DbgLib|x86.Build.0 = Debug|Win32
		{07BBA1C0-CA10-4218-881A-73CECC8A985A}.relseLib|x64.ActiveCfg = Debug|x64
		{07BBA1C0-CA10-4218-881A-73CECC8A985A}.relseLib|x64.Build.0 = Debug|x64
		{07BBA1C0-CA10-4218-881A-73CECC8A985A}.relseLib|x86.ActiveCfg = Debug|Win32
		{07BBA1C0-CA10-4218-881A-73CECC8A985A}.relseLib|x86.Build.0 = Debug|Win32
		{07BBA1C0-CA10-4218-881A-73CECC8A985A}.relseStatic|x64.ActiveCfg = Debug|x64
		{07BBA1C0-CA10-4218-881A-73CECC8A985A}.relseStatic|x64.Build.0 = Debug|x64
		{07BBA1C0-CA10-4218-881A-73CECC8A985A}.relseStatic|x86.ActiveCfg = Debug|Win32
		{07BBA1C0-CA10-4218-881A-73CECC8A985A}.relseStatic|x86.Build.0 = Debug|Win32
	EndGlobalSection
	GlobalSection(SolutionProperties) = preSolution
		HideSolutionNode = FALSE
	EndGlobalSection
	GlobalSection(NestedProjects) = preSolution
		{3EE0E901-E83F-4C7A-97E8-A928DB40B39F} = {E8976B95-B8AE-4EF7-92A8-47708C8E408D}
		{B814D627-30FF-44EC-9D4D-D4FBE568C2DA} = {E8976B95-B8AE-4EF7-92A8-47708C8E408D}
	EndGlobalSection
	GlobalSection(ExtensibilityGlobals) = postSolution
		SolutionGuid = {7B039A19-076D-48E4-8E4C-C00D859E3DEC}
	EndGlobalSection
EndGlobal
