
Microsoft Visual Studio Solution File, Format Version 12.00
# Visual Studio Version 17
VisualStudioVersion = 17.7.34024.191
MinimumVisualStudioVersion = 10.0.40219.1
Project("{8BC9CEB8-8B4A-11D0-8D11-00A0C91BC942}") = "Ekrnln", "Ekrnln.vcxproj", "{8797A36D-5147-4AE1-9F2A-AFA4E87A1AAE}"
EndProject
Project("{2150E333-8FDC-42A3-9474-1A3956D46DE8}") = "VC6版", "VC6版", "{E8976B95-B8AE-4EF7-92A8-47708C8E408D}"
EndProject
Project("{8BC9CEB8-8B4A-11D0-8D11-00A0C91BC942}") = "EKrnln_fne", "EKrnln_fne.vcxproj", "{3EE0E901-E83F-4C7A-97E8-A928DB40B39F}"
EndProject
Project("{8BC9CEB8-8B4A-11D0-8D11-00A0C91BC942}") = "EKrnln_fnr", "EKrnln_fnr.vcxproj", "{B814D627-30FF-44EC-9D4D-D4FBE568C2DA}"
EndProject
Project("{8BC9CEB8-8B4A-11D0-8D11-00A0C91BC942}") = "zlib", "zlib.vcxproj", "{6E1E53F8-1FCC-415D-A5A8-0246A3924744}"
EndProject
Global
	GlobalSection(SolutionConfigurationPlatforms) = preSolution
		DbgEMain|x64 = DbgEMain|x64
		DbgEMain|x86 = DbgEMain|x86
		DbgExe|x64 = DbgExe|x64
		DbgExe|x86 = DbgExe|x86
		DbgLib|x64 = DbgLib|x64
		DbgLib|x86 = DbgLib|x86
		Debug|x64 = Debug|x64
		Debug|x86 = Debug|x86
		Lib|x64 = Lib|x64
		Lib|x86 = Lib|x86
		Release|x64 = Release|x64
		Release|x86 = Release|x86
		Static|x64 = Static|x64
		Static|x86 = Static|x86
	EndGlobalSection
	GlobalSection(ProjectConfigurationPlatforms) = postSolution
		{8797A36D-5147-4AE1-9F2A-AFA4E87A1AAE}.DbgEMain|x64.ActiveCfg = DbgExe|x64
		{8797A36D-5147-4AE1-9F2A-AFA4E87A1AAE}.DbgEMain|x64.Build.0 = DbgExe|x64
		{8797A36D-5147-4AE1-9F2A-AFA4E87A1AAE}.DbgEMain|x86.ActiveCfg = DbgEMain|Win32
		{8797A36D-5147-4AE1-9F2A-AFA4E87A1AAE}.DbgEMain|x86.Build.0 = DbgEMain|Win32
		{8797A36D-5147-4AE1-9F2A-AFA4E87A1AAE}.DbgExe|x64.ActiveCfg = DbgEMain|x64
		{8797A36D-5147-4AE1-9F2A-AFA4E87A1AAE}.DbgExe|x64.Build.0 = DbgEMain|x64
		{8797A36D-5147-4AE1-9F2A-AFA4E87A1AAE}.DbgExe|x86.ActiveCfg = DbgExe|Win32
		{8797A36D-5147-4AE1-9F2A-AFA4E87A1AAE}.DbgExe|x86.Build.0 = DbgExe|Win32
		{8797A36D-5147-4AE1-9F2A-AFA4E87A1AAE}.DbgLib|x64.ActiveCfg = DbgLib|x64
		{8797A36D-5147-4AE1-9F2A-AFA4E87A1AAE}.DbgLib|x64.Build.0 = DbgLib|x64
		{8797A36D-5147-4AE1-9F2A-AFA4E87A1AAE}.DbgLib|x86.ActiveCfg = DbgLib|Win32
		{8797A36D-5147-4AE1-9F2A-AFA4E87A1AAE}.DbgLib|x86.Build.0 = DbgLib|Win32
		{8797A36D-5147-4AE1-9F2A-AFA4E87A1AAE}.Debug|x64.ActiveCfg = DbgLib|x64
		{8797A36D-5147-4AE1-9F2A-AFA4E87A1AAE}.Debug|x64.Build.0 = DbgLib|x64
		{8797A36D-5147-4AE1-9F2A-AFA4E87A1AAE}.Debug|x86.ActiveCfg = DbgLib|Win32
		{8797A36D-5147-4AE1-9F2A-AFA4E87A1AAE}.Debug|x86.Build.0 = DbgLib|Win32
		{8797A36D-5147-4AE1-9F2A-AFA4E87A1AAE}.Lib|x64.ActiveCfg = DbgLib|x64
		{8797A36D-5147-4AE1-9F2A-AFA4E87A1AAE}.Lib|x64.Build.0 = DbgLib|x64
		{8797A36D-5147-4AE1-9F2A-AFA4E87A1AAE}.Lib|x86.ActiveCfg = Lib|Win32
		{8797A36D-5147-4AE1-9F2A-AFA4E87A1AAE}.Lib|x86.Build.0 = Lib|Win32
		{8797A36D-5147-4AE1-9F2A-AFA4E87A1AAE}.Release|x64.ActiveCfg = Static|x64
		{8797A36D-5147-4AE1-9F2A-AFA4E87A1AAE}.Release|x64.Build.0 = Static|x64
		{8797A36D-5147-4AE1-9F2A-AFA4E87A1AAE}.Release|x86.ActiveCfg = Static|Win32
		{8797A36D-5147-4AE1-9F2A-AFA4E87A1AAE}.Release|x86.Build.0 = Static|Win32
		{8797A36D-5147-4AE1-9F2A-AFA4E87A1AAE}.Static|x64.ActiveCfg = Lib|x64
		{8797A36D-5147-4AE1-9F2A-AFA4E87A1AAE}.Static|x64.Build.0 = Lib|x64
		{8797A36D-5147-4AE1-9F2A-AFA4E87A1AAE}.Static|x86.ActiveCfg = Static|Win32
		{8797A36D-5147-4AE1-9F2A-AFA4E87A1AAE}.Static|x86.Build.0 = Static|Win32
		{3EE0E901-E83F-4C7A-97E8-A928DB40B39F}.DbgEMain|x64.ActiveCfg = Debug|x64
		{3EE0E901-E83F-4C7A-97E8-A928DB40B39F}.DbgEMain|x64.Build.0 = Debug|x64
		{3EE0E901-E83F-4C7A-97E8-A928DB40B39F}.DbgEMain|x86.ActiveCfg = Debug|Win32
		{3EE0E901-E83F-4C7A-97E8-A928DB40B39F}.DbgEMain|x86.Build.0 = Debug|Win32
		{3EE0E901-E83F-4C7A-97E8-A928DB40B39F}.DbgExe|x64.ActiveCfg = Debug|x64
		{3EE0E901-E83F-4C7A-97E8-A928DB40B39F}.DbgExe|x64.Build.0 = Debug|x64
		{3EE0E901-E83F-4C7A-97E8-A928DB40B39F}.DbgExe|x86.ActiveCfg = Debug|Win32
		{3EE0E901-E83F-4C7A-97E8-A928DB40B39F}.DbgExe|x86.Build.0 = Debug|Win32
		{3EE0E901-E83F-4C7A-97E8-A928DB40B39F}.DbgLib|x64.ActiveCfg = Debug|x64
		{3EE0E901-E83F-4C7A-97E8-A928DB40B39F}.DbgLib|x64.Build.0 = Debug|x64
		{3EE0E901-E83F-4C7A-97E8-A928DB40B39F}.DbgLib|x86.ActiveCfg = Debug|Win32
		{3EE0E901-E83F-4C7A-97E8-A928DB40B39F}.DbgLib|x86.Build.0 = Debug|Win32
		{3EE0E901-E83F-4C7A-97E8-A928DB40B39F}.Debug|x64.ActiveCfg = Debug|x64
		{3EE0E901-E83F-4C7A-97E8-A928DB40B39F}.Debug|x64.Build.0 = Debug|x64
		{3EE0E901-E83F-4C7A-97E8-A928DB40B39F}.Debug|x86.ActiveCfg = Debug|Win32
		{3EE0E901-E83F-4C7A-97E8-A928DB40B39F}.Debug|x86.Build.0 = Debug|Win32
		{3EE0E901-E83F-4C7A-97E8-A928DB40B39F}.Lib|x64.ActiveCfg = Debug|x64
		{3EE0E901-E83F-4C7A-97E8-A928DB40B39F}.Lib|x64.Build.0 = Debug|x64
		{3EE0E901-E83F-4C7A-97E8-A928DB40B39F}.Lib|x86.ActiveCfg = Debug|Win32
		{3EE0E901-E83F-4C7A-97E8-A928DB40B39F}.Lib|x86.Build.0 = Debug|Win32
		{3EE0E901-E83F-4C7A-97E8-A928DB40B39F}.Release|x64.ActiveCfg = Release|x64
		{3EE0E901-E83F-4C7A-97E8-A928DB40B39F}.Release|x64.Build.0 = Release|x64
		{3EE0E901-E83F-4C7A-97E8-A928DB40B39F}.Release|x86.ActiveCfg = Release|Win32
		{3EE0E901-E83F-4C7A-97E8-A928DB40B39F}.Release|x86.Build.0 = Release|Win32
		{3EE0E901-E83F-4C7A-97E8-A928DB40B39F}.Static|x64.ActiveCfg = Debug|x64
		{3EE0E901-E83F-4C7A-97E8-A928DB40B39F}.Static|x64.Build.0 = Debug|x64
		{3EE0E901-E83F-4C7A-97E8-A928DB40B39F}.Static|x86.ActiveCfg = Debug|Win32
		{3EE0E901-E83F-4C7A-97E8-A928DB40B39F}.Static|x86.Build.0 = Debug|Win32
		{B814D627-30FF-44EC-9D4D-D4FBE568C2DA}.DbgEMain|x64.ActiveCfg = Debug|x64
		{B814D627-30FF-44EC-9D4D-D4FBE568C2DA}.DbgEMain|x64.Build.0 = Debug|x64
		{B814D627-30FF-44EC-9D4D-D4FBE568C2DA}.DbgEMain|x86.ActiveCfg = Debug|Win32
		{B814D627-30FF-44EC-9D4D-D4FBE568C2DA}.DbgEMain|x86.Build.0 = Debug|Win32
		{B814D627-30FF-44EC-9D4D-D4FBE568C2DA}.DbgExe|x64.ActiveCfg = Debug|x64
		{B814D627-30FF-44EC-9D4D-D4FBE568C2DA}.DbgExe|x64.Build.0 = Debug|x64
		{B814D627-30FF-44EC-9D4D-D4FBE568C2DA}.DbgExe|x86.ActiveCfg = Debug|Win32
		{B814D627-30FF-44EC-9D4D-D4FBE568C2DA}.DbgExe|x86.Build.0 = Debug|Win32
		{B814D627-30FF-44EC-9D4D-D4FBE568C2DA}.DbgLib|x64.ActiveCfg = Debug|x64
		{B814D627-30FF-44EC-9D4D-D4FBE568C2DA}.DbgLib|x64.Build.0 = Debug|x64
		{B814D627-30FF-44EC-9D4D-D4FBE568C2DA}.DbgLib|x86.ActiveCfg = Debug|Win32
		{B814D627-30FF-44EC-9D4D-D4FBE568C2DA}.DbgLib|x86.Build.0 = Debug|Win32
		{B814D627-30FF-44EC-9D4D-D4FBE568C2DA}.Debug|x64.ActiveCfg = Debug|x64
		{B814D627-30FF-44EC-9D4D-D4FBE568C2DA}.Debug|x64.Build.0 = Debug|x64
		{B814D627-30FF-44EC-9D4D-D4FBE568C2DA}.Debug|x86.ActiveCfg = Debug|Win32
		{B814D627-30FF-44EC-9D4D-D4FBE568C2DA}.Debug|x86.Build.0 = Debug|Win32
		{B814D627-30FF-44EC-9D4D-D4FBE568C2DA}.Lib|x64.ActiveCfg = Debug|x64
		{B814D627-30FF-44EC-9D4D-D4FBE568C2DA}.Lib|x64.Build.0 = Debug|x64
		{B814D627-30FF-44EC-9D4D-D4FBE568C2DA}.Lib|x86.ActiveCfg = Debug|Win32
		{B814D627-30FF-44EC-9D4D-D4FBE568C2DA}.Lib|x86.Build.0 = Debug|Win32
		{B814D627-30FF-44EC-9D4D-D4FBE568C2DA}.Release|x64.ActiveCfg = Release|x64
		{B814D627-30FF-44EC-9D4D-D4FBE568C2DA}.Release|x64.Build.0 = Release|x64
		{B814D627-30FF-44EC-9D4D-D4FBE568C2DA}.Release|x86.ActiveCfg = Release|Win32
		{B814D627-30FF-44EC-9D4D-D4FBE568C2DA}.Release|x86.Build.0 = Release|Win32
		{B814D627-30FF-44EC-9D4D-D4FBE568C2DA}.Static|x64.ActiveCfg = Debug|x64
		{B814D627-30FF-44EC-9D4D-D4FBE568C2DA}.Static|x64.Build.0 = Debug|x64
		{B814D627-30FF-44EC-9D4D-D4FBE568C2DA}.Static|x86.ActiveCfg = Debug|Win32
		{B814D627-30FF-44EC-9D4D-D4FBE568C2DA}.Static|x86.Build.0 = Debug|Win32
		{6E1E53F8-1FCC-415D-A5A8-0246A3924744}.DbgEMain|x64.ActiveCfg = Debug|x64
		{6E1E53F8-1FCC-415D-A5A8-0246A3924744}.DbgEMain|x64.Build.0 = Debug|x64
		{6E1E53F8-1FCC-415D-A5A8-0246A3924744}.DbgEMain|x86.ActiveCfg = Debug|Win32
		{6E1E53F8-1FCC-415D-A5A8-0246A3924744}.DbgEMain|x86.Build.0 = Debug|Win32
		{6E1E53F8-1FCC-415D-A5A8-0246A3924744}.DbgExe|x64.ActiveCfg = Debug|x64
		{6E1E53F8-1FCC-415D-A5A8-0246A3924744}.DbgExe|x64.Build.0 = Debug|x64
		{6E1E53F8-1FCC-415D-A5A8-0246A3924744}.DbgExe|x86.ActiveCfg = Debug|Win32
		{6E1E53F8-1FCC-415D-A5A8-0246A3924744}.DbgExe|x86.Build.0 = Debug|Win32
		{6E1E53F8-1FCC-415D-A5A8-0246A3924744}.DbgLib|x64.ActiveCfg = Debug|x64
		{6E1E53F8-1FCC-415D-A5A8-0246A3924744}.DbgLib|x64.Build.0 = Debug|x64
		{6E1E53F8-1FCC-415D-A5A8-0246A3924744}.DbgLib|x86.ActiveCfg = Debug|Win32
		{6E1E53F8-1FCC-415D-A5A8-0246A3924744}.DbgLib|x86.Build.0 = Debug|Win32
		{6E1E53F8-1FCC-415D-A5A8-0246A3924744}.Debug|x64.ActiveCfg = Debug|x64
		{6E1E53F8-1FCC-415D-A5A8-0246A3924744}.Debug|x64.Build.0 = Debug|x64
		{6E1E53F8-1FCC-415D-A5A8-0246A3924744}.Debug|x86.ActiveCfg = Debug|Win32
		{6E1E53F8-1FCC-415D-A5A8-0246A3924744}.Debug|x86.Build.0 = Debug|Win32
		{6E1E53F8-1FCC-415D-A5A8-0246A3924744}.Lib|x64.ActiveCfg = Debug|x64
		{6E1E53F8-1FCC-415D-A5A8-0246A3924744}.Lib|x64.Build.0 = Debug|x64
		{6E1E53F8-1FCC-415D-A5A8-0246A3924744}.Lib|x86.ActiveCfg = Debug|Win32
		{6E1E53F8-1FCC-415D-A5A8-0246A3924744}.Lib|x86.Build.0 = Debug|Win32
		{6E1E53F8-1FCC-415D-A5A8-0246A3924744}.Release|x64.ActiveCfg = Release|x64
		{6E1E53F8-1FCC-415D-A5A8-0246A3924744}.Release|x64.Build.0 = Release|x64
		{6E1E53F8-1FCC-415D-A5A8-0246A3924744}.Release|x86.ActiveCfg = Release|Win32
		{6E1E53F8-1FCC-415D-A5A8-0246A3924744}.Release|x86.Build.0 = Release|Win32
		{6E1E53F8-1FCC-415D-A5A8-0246A3924744}.Static|x64.ActiveCfg = Debug|x64
		{6E1E53F8-1FCC-415D-A5A8-0246A3924744}.Static|x64.Build.0 = Debug|x64
		{6E1E53F8-1FCC-415D-A5A8-0246A3924744}.Static|x86.ActiveCfg = Debug|Win32
		{6E1E53F8-1FCC-415D-A5A8-0246A3924744}.Static|x86.Build.0 = Debug|Win32
	EndGlobalSection
	GlobalSection(SolutionProperties) = preSolution
		HideSolutionNode = FALSE
	EndGlobalSection
	GlobalSection(NestedProjects) = preSolution
		{3EE0E901-E83F-4C7A-97E8-A928DB40B39F} = {E8976B95-B8AE-4EF7-92A8-47708C8E408D}
		{B814D627-30FF-44EC-9D4D-D4FBE568C2DA} = {E8976B95-B8AE-4EF7-92A8-47708C8E408D}
	EndGlobalSection
	GlobalSection(ExtensibilityGlobals) = postSolution
		SolutionGuid = {7B039A19-076D-48E4-8E4C-C00D859E3DEC}
	EndGlobalSection
EndGlobal
